{
  "nodes": {
    "antifennel": {
      "flake": false,
      "locked": {
        "lastModified": 1709866383,
        "narHash": "sha256-kqKjBk5zzvnA5QcSqegrZULmrDol4eT7Roqxi2TC/8c=",
        "ref": "refs/heads/main",
        "rev": "7cf2a2ec4e2d92e82a396e5b1208454eac0b98ed",
        "revCount": 129,
        "type": "git",
        "url": "https://git.sr.ht/~technomancy/antifennel"
      },
      "original": {
        "type": "git",
        "url": "https://git.sr.ht/~technomancy/antifennel"
      }
    },
    "home-manager": {
      "inputs": {
        "nixpkgs": "nixpkgs"
      },
      "locked": {
        "lastModified": 1716847642,
        "narHash": "sha256-rjEswRV0o23eBBils8lJXyIGha+l/VjV73IPg+ztxgk=",
        "owner": "nix-community",
        "repo": "home-manager",
        "rev": "10c7c219b7dae5795fb67f465a0d86cbe29f25fa",
        "type": "github"
      },
      "original": {
        "owner": "nix-community",
        "repo": "home-manager",
        "type": "github"
      }
    },
    "nixos-unstable-small": {
      "locked": {
        "lastModified": 1716837379,
        "narHash": "sha256-IbjvMjo3oCmFdwu+Wh84YF4TmYmD0HLaWHqhwgzLUSU=",
        "owner": "nixos",
        "repo": "nixpkgs",
        "rev": "1febaefa05c7c9d1dbc8bf99e1d2753d21f25087",
        "type": "github"
      },
      "original": {
        "owner": "nixos",
        "ref": "nixos-unstable-small",
        "repo": "nixpkgs",
        "type": "github"
      }
    },
    "nixpkgs": {
      "locked": {
        "lastModified": 1716509168,
        "narHash": "sha256-4zSIhSRRIoEBwjbPm3YiGtbd8HDWzFxJjw5DYSDy1n8=",
        "owner": "NixOS",
        "repo": "nixpkgs",
        "rev": "bfb7a882678e518398ce9a31a881538679f6f092",
        "type": "github"
      },
      "original": {
        "owner": "NixOS",
        "ref": "nixos-unstable",
        "repo": "nixpkgs",
        "type": "github"
      }
    },
    "nixpkgs_2": {
      "locked": {
        "lastModified": 1716509168,
        "narHash": "sha256-4zSIhSRRIoEBwjbPm3YiGtbd8HDWzFxJjw5DYSDy1n8=",
        "owner": "nixos",
        "repo": "nixpkgs",
        "rev": "bfb7a882678e518398ce9a31a881538679f6f092",
        "type": "github"
      },
      "original": {
        "owner": "nixos",
        "ref": "nixos-unstable",
        "repo": "nixpkgs",
        "type": "github"
      }
    },
    "root": {
      "inputs": {
        "antifennel": "antifennel",
        "home-manager": "home-manager",
        "nixos-unstable-small": "nixos-unstable-small",
        "nixpkgs": "nixpkgs_2"
      }
    }
  },
  "root": "root",
  "version": 7
}
