{
  "nodes": {
    "antifennel": {
      "flake": false,
      "locked": {
        "lastModified": 1709866383,
        "narHash": "sha256-kqKjBk5zzvnA5QcSqegrZULmrDol4eT7Roqxi2TC/8c=",
        "ref": "refs/heads/main",
        "rev": "7cf2a2ec4e2d92e82a396e5b1208454eac0b98ed",
        "revCount": 129,
        "type": "git",
        "url": "https://git.sr.ht/~technomancy/antifennel"
      },
      "original": {
        "type": "git",
        "url": "https://git.sr.ht/~technomancy/antifennel"
      }
    },
    "home-manager": {
      "inputs": {
        "nixpkgs": "nixpkgs"
      },
      "locked": {
        "lastModified": 1715930644,
        "narHash": "sha256-W9pyM3/vePxrffHtzlJI6lDS3seANQ+Nqp+i58O46LI=",
        "owner": "nix-community",
        "repo": "home-manager",
        "rev": "e3ad5108f54177e6520535768ddbf1e6af54b59d",
        "type": "github"
      },
      "original": {
        "owner": "nix-community",
        "repo": "home-manager",
        "type": "github"
      }
    },
    "nixpkgs": {
      "locked": {
        "lastModified": 1715266358,
        "narHash": "sha256-doPgfj+7FFe9rfzWo1siAV2mVCasW+Bh8I1cToAXEE4=",
        "owner": "NixOS",
        "repo": "nixpkgs",
        "rev": "f1010e0469db743d14519a1efd37e23f8513d714",
        "type": "github"
      },
      "original": {
        "owner": "NixOS",
        "ref": "nixos-unstable",
        "repo": "nixpkgs",
        "type": "github"
      }
    },
    "nixpkgs-firefox": {
      "locked": {
        "lastModified": 1715954240,
        "narHash": "sha256-eC0zRYkazBc2cKz1VSzMLvCc9uHXlSQEr1Be+c5UV1w=",
        "owner": "nixos",
        "repo": "nixpkgs",
        "rev": "c2ea18b50a4c7fcb7c90402166769bf3b82b5aa9",
        "type": "github"
      },
      "original": {
        "owner": "nixos",
        "ref": "nixos-unstable-small",
        "repo": "nixpkgs",
        "type": "github"
      }
    },
    "nixpkgs_2": {
      "locked": {
        "lastModified": 1715787315,
        "narHash": "sha256-cYApT0NXJfqBkKcci7D9Kr4CBYZKOQKDYA23q8XNuWg=",
        "owner": "nixos",
        "repo": "nixpkgs",
        "rev": "33d1e753c82ffc557b4a585c77de43d4c922ebb5",
        "type": "github"
      },
      "original": {
        "owner": "nixos",
        "ref": "nixos-unstable",
        "repo": "nixpkgs",
        "type": "github"
      }
    },
    "root": {
      "inputs": {
        "antifennel": "antifennel",
        "home-manager": "home-manager",
        "nixpkgs": "nixpkgs_2",
        "nixpkgs-firefox": "nixpkgs-firefox"
      }
    }
  },
  "root": "root",
  "version": 7
}
