{
  "nodes": {
    "antifennel": {
      "flake": false,
      "locked": {
        "lastModified": 1727278697,
        "narHash": "sha256-XynKKDyykyPM4z2ZLp9Oy8KFlEZG2iHXKMkajaS/DaE=",
        "ref": "refs/heads/main",
        "rev": "a135f016414517ecb624bad26b39ed56d256beaa",
        "revCount": 135,
        "type": "git",
        "url": "https://git.sr.ht/~technomancy/antifennel"
      },
      "original": {
        "type": "git",
        "url": "https://git.sr.ht/~technomancy/antifennel"
      }
    },
    "home-manager": {
      "inputs": {
        "nixpkgs": "nixpkgs"
      },
      "locked": {
        "lastModified": 1736089250,
        "narHash": "sha256-/LPWMiiJGPHGd7ZYEgmbE2da4zvBW0acmshUjYC3WG4=",
        "owner": "nix-community",
        "repo": "home-manager",
        "rev": "172b91bfb2b7f5c4a8c6ceac29fd53a01ef07196",
        "type": "github"
      },
      "original": {
        "owner": "nix-community",
        "repo": "home-manager",
        "type": "github"
      }
    },
    "nixos-unstable-small": {
      "locked": {
        "lastModified": 1736165148,
        "narHash": "sha256-AdKOlljgcTLOrJb3HFpaaoHWJhFrkVeT9HbRm0JvcwE=",
        "owner": "nixos",
        "repo": "nixpkgs",
        "rev": "9f46f57b78d2ef865cd8c58eff8d430bb62a471a",
        "type": "github"
      },
      "original": {
        "owner": "nixos",
        "ref": "nixos-unstable-small",
        "repo": "nixpkgs",
        "type": "github"
      }
    },
    "nixpkgs": {
      "locked": {
        "lastModified": 1735834308,
        "narHash": "sha256-dklw3AXr3OGO4/XT1Tu3Xz9n/we8GctZZ75ZWVqAVhk=",
        "owner": "NixOS",
        "repo": "nixpkgs",
        "rev": "6df24922a1400241dae323af55f30e4318a6ca65",
        "type": "github"
      },
      "original": {
        "owner": "NixOS",
        "ref": "nixos-unstable",
        "repo": "nixpkgs",
        "type": "github"
      }
    },
    "nixpkgs_2": {
      "locked": {
        "lastModified": 1736012469,
        "narHash": "sha256-/qlNWm/IEVVH7GfgAIyP6EsVZI6zjAx1cV5zNyrs+rI=",
        "owner": "nixos",
        "repo": "nixpkgs",
        "rev": "8f3e1f807051e32d8c95cd12b9b421623850a34d",
        "type": "github"
      },
      "original": {
        "owner": "nixos",
        "ref": "nixos-unstable",
        "repo": "nixpkgs",
        "type": "github"
      }
    },
    "root": {
      "inputs": {
        "antifennel": "antifennel",
        "home-manager": "home-manager",
        "nixos-unstable-small": "nixos-unstable-small",
        "nixpkgs": "nixpkgs_2"
      }
    }
  },
  "root": "root",
  "version": 7
}
